Microsoft Visual Studio Solution File, Format Version 11.00
# Visual Studio 2008

Project("{A1DB2DE0-FEC3-C012-7FA5-FF5540BEB786}") = "ICA Treasure Island", "Assembly-CSharp-firstpass.csproj", "{0AC73A95-C50D-86BE-708F-8E9B7E8D5552}"
EndProject
Project("{A1DB2DE0-FEC3-C012-7FA5-FF5540BEB786}") = "ICA Treasure Island", "Assembly-CSharp.csproj", "{DA45D1F3-8BDC-7ADC-09E8-22AFDA0B3274}"
EndProject
Project("{A1DB2DE0-FEC3-C012-7FA5-FF5540BEB786}") = "ICA Treasure Island", "Assembly-CSharp-Editor.csproj", "{35CC6505-5E78-7B02-0F8C-DAAB191A8D4C}"
EndProject
Global
	GlobalSection(SolutionConfigurationPlatforms) = preSolution
		Debug|Any CPU = Debug|Any CPU
		Release|Any CPU = Release|Any CPU
	EndGlobalSection
	GlobalSection(ProjectConfigurationPlatforms) = postSolution
		{0AC73A95-C50D-86BE-708F-8E9B7E8D5552}.Debug|Any CPU.ActiveCfg = Debug|Any CPU
		{0AC73A95-C50D-86BE-708F-8E9B7E8D5552}.Debug|Any CPU.Build.0 = Debug|Any CPU
		{0AC73A95-C50D-86BE-708F-8E9B7E8D5552}.Release|Any CPU.ActiveCfg = Release|Any CPU
		{0AC73A95-C50D-86BE-708F-8E9B7E8D5552}.Release|Any CPU.Build.0 = Release|Any CPU
		{DA45D1F3-8BDC-7ADC-09E8-22AFDA0B3274}.Debug|Any CPU.ActiveCfg = Debug|Any CPU
		{DA45D1F3-8BDC-7ADC-09E8-22AFDA0B3274}.Debug|Any CPU.Build.0 = Debug|Any CPU
		{DA45D1F3-8BDC-7ADC-09E8-22AFDA0B3274}.Release|Any CPU.ActiveCfg = Release|Any CPU
		{DA45D1F3-8BDC-7ADC-09E8-22AFDA0B3274}.Release|Any CPU.Build.0 = Release|Any CPU
		{35CC6505-5E78-7B02-0F8C-DAAB191A8D4C}.Debug|Any CPU.ActiveCfg = Debug|Any CPU
		{35CC6505-5E78-7B02-0F8C-DAAB191A8D4C}.Debug|Any CPU.Build.0 = Debug|Any CPU
		{35CC6505-5E78-7B02-0F8C-DAAB191A8D4C}.Release|Any CPU.ActiveCfg = Release|Any CPU
		{35CC6505-5E78-7B02-0F8C-DAAB191A8D4C}.Release|Any CPU.Build.0 = Release|Any CPU
	EndGlobalSection
	GlobalSection(SolutionProperties) = preSolution
		HideSolutionNode = FALSE
	EndGlobalSection
	GlobalSection(MonoDevelopProperties) = preSolution
		StartupItem = Assembly-CSharp.csproj
	EndGlobalSection
EndGlobal
